
Microsoft Visual Studio Solution File, Format Version 12.00
# Visual Studio Version 17
VisualStudioVersion = 17.2.32630.192
MinimumVisualStudioVersion = 10.0.40219.1
Project("{9A19103F-16F7-4668-BE54-9A1E7A4F7556}") = "Rocky", "Rocky\Rocky.csproj", "{E3804091-E575-472A-A314-49C92939A624}"
EndProject
Project("{9A19103F-16F7-4668-BE54-9A1E7A4F7556}") = "Rocky_Utility", "Rocky_Utility\Rocky_Utility.csproj", "{820D49BD-C63C-41ED-8A0F-0C34576C8750}"
EndProject
Project("{9A19103F-16F7-4668-BE54-9A1E7A4F7556}") = "Rocky_Models", "Rocky_Models\Rocky_Models.csproj", "{31FEFA9F-CFED-4F39-981E-6921979495DD}"
EndProject
Project("{FAE04EC0-301F-11D3-BF4B-00C04F79EFBC}") = "Rocky_DataAccess", "Rocky_DataAccess\Rocky_DataAccess.csproj", "{A2C191E8-BE94-4C2E-B272-0C88AFB06212}"
EndProject
Global
	GlobalSection(SolutionConfigurationPlatforms) = preSolution
		Debug|Any CPU = Debug|Any CPU
		Release|Any CPU = Release|Any CPU
	EndGlobalSection
	GlobalSection(ProjectConfigurationPlatforms) = postSolution
		{E3804091-E575-472A-A314-49C92939A624}.Debug|Any CPU.ActiveCfg = Debug|Any CPU
		{E3804091-E575-472A-A314-49C92939A624}.Debug|Any CPU.Build.0 = Debug|Any CPU
		{E3804091-E575-472A-A314-49C92939A624}.Release|Any CPU.ActiveCfg = Release|Any CPU
		{E3804091-E575-472A-A314-49C92939A624}.Release|Any CPU.Build.0 = Release|Any CPU
		{820D49BD-C63C-41ED-8A0F-0C34576C8750}.Debug|Any CPU.ActiveCfg = Debug|Any CPU
		{820D49BD-C63C-41ED-8A0F-0C34576C8750}.Debug|Any CPU.Build.0 = Debug|Any CPU
		{820D49BD-C63C-41ED-8A0F-0C34576C8750}.Release|Any CPU.ActiveCfg = Release|Any CPU
		{820D49BD-C63C-41ED-8A0F-0C34576C8750}.Release|Any CPU.Build.0 = Release|Any CPU
		{31FEFA9F-CFED-4F39-981E-6921979495DD}.Debug|Any CPU.ActiveCfg = Debug|Any CPU
		{31FEFA9F-CFED-4F39-981E-6921979495DD}.Debug|Any CPU.Build.0 = Debug|Any CPU
		{31FEFA9F-CFED-4F39-981E-6921979495DD}.Release|Any CPU.ActiveCfg = Release|Any CPU
		{31FEFA9F-CFED-4F39-981E-6921979495DD}.Release|Any CPU.Build.0 = Release|Any CPU
		{A2C191E8-BE94-4C2E-B272-0C88AFB06212}.Debug|Any CPU.ActiveCfg = Debug|Any CPU
		{A2C191E8-BE94-4C2E-B272-0C88AFB06212}.Debug|Any CPU.Build.0 = Debug|Any CPU
		{A2C191E8-BE94-4C2E-B272-0C88AFB06212}.Release|Any CPU.ActiveCfg = Release|Any CPU
		{A2C191E8-BE94-4C2E-B272-0C88AFB06212}.Release|Any CPU.Build.0 = Release|Any CPU
	EndGlobalSection
	GlobalSection(SolutionProperties) = preSolution
		HideSolutionNode = FALSE
	EndGlobalSection
	GlobalSection(ExtensibilityGlobals) = postSolution
		SolutionGuid = {75925796-6E04-4FED-9544-916AA8EAA25E}
	EndGlobalSection
EndGlobal
